// !$*UTF8*$!
{
	archiveVersion = 1;
	classes = {
	};
	objectVersion = 46;
	objects = {

/* Begin PBXBuildFile section */
		45165ACD190C95730066177B /* pugixml.cpp in Sources */ = {isa = PBXBuildFile; fileRef = 45165AC2190C954D0066177B /* pugixml.cpp */; };
		45165AD6190C95880066177B /* pugixml.cpp in Sources */ = {isa = PBXBuildFile; fileRef = 45165AC2190C954D0066177B /* pugixml.cpp */; };
/* End PBXBuildFile section */

/* Begin PBXFileReference section */
		45165AC1190C954D0066177B /* pugiconfig.hpp */ = {isa = PBXFileReference; lastKnownFileType = sourcecode.cpp.h; name = pugiconfig.hpp; path = "pugixml-1.4/src/pugiconfig.hpp"; sourceTree = SOURCE_ROOT; };
		45165AC2190C954D0066177B /* pugixml.cpp */ = {isa = PBXFileReference; lastKnownFileType = sourcecode.cpp.cpp; name = pugixml.cpp; path = "pugixml-1.4/src/pugixml.cpp"; sourceTree = SOURCE_ROOT; };
		45165AC3190C954D0066177B /* pugixml.hpp */ = {isa = PBXFileReference; lastKnownFileType = sourcecode.cpp.h; name = pugixml.hpp; path = "pugixml-1.4/src/pugixml.hpp"; sourceTree = SOURCE_ROOT; };
		45165AC8190C95600066177B /* libPugiXML.a */ = {isa = PBXFileReference; explicitFileType = archive.ar; includeInIndex = 0; path = libPugiXML.a; sourceTree = BUILT_PRODUCTS_DIR; };
		45165AD2190C957E0066177B /* libPugiXML.a */ = {isa = PBXFileReference; explicitFileType = archive.ar; includeInIndex = 0; path = libPugiXML.a; sourceTree = BUILT_PRODUCTS_DIR; };
/* End PBXFileReference section */

/* Begin PBXFrameworksBuildPhase section */
		45165AC5190C95600066177B /* Frameworks */ = {
			isa = PBXFrameworksBuildPhase;
			buildActionMask = 2147483647;
			files = (
			);
			runOnlyForDeploymentPostprocessing = 0;
		};
		45165ACF190C957D0066177B /* Frameworks */ = {
			isa = PBXFrameworksBuildPhase;
			buildActionMask = 2147483647;
			files = (
			);
			runOnlyForDeploymentPostprocessing = 0;
		};
/* End PBXFrameworksBuildPhase section */

/* Begin PBXGroup section */
		45165AB1190C93820066177B = {
			isa = PBXGroup;
			children = (
				45165ABB190C93F90066177B /* Sources */,
				45165AC9190C95600066177B /* Products */,
			);
			sourceTree = "<group>";
		};
		45165ABB190C93F90066177B /* Sources */ = {
			isa = PBXGroup;
			children = (
				45165AC1190C954D0066177B /* pugiconfig.hpp */,
				45165AC2190C954D0066177B /* pugixml.cpp */,
				45165AC3190C954D0066177B /* pugixml.hpp */,
			);
			path = Sources;
			sourceTree = "<group>";
		};
		45165AC9190C95600066177B /* Products */ = {
			isa = PBXGroup;
			children = (
				45165AC8190C95600066177B /* libPugiXML.a */,
				45165AD2190C957E0066177B /* libPugiXML.a */,
			);
			name = Products;
			sourceTree = "<group>";
		};
/* End PBXGroup section */

/* Begin PBXHeadersBuildPhase section */
		45165AC6190C95600066177B /* Headers */ = {
			isa = PBXHeadersBuildPhase;
			buildActionMask = 2147483647;
			files = (
			);
			runOnlyForDeploymentPostprocessing = 0;
		};
		45165AD0190C957D0066177B /* Headers */ = {
			isa = PBXHeadersBuildPhase;
			buildActionMask = 2147483647;
			files = (
			);
			runOnlyForDeploymentPostprocessing = 0;
		};
/* End PBXHeadersBuildPhase section */

/* Begin PBXNativeTarget section */
		45165AC7190C95600066177B /* Aliens - PugiXML - OSX */ = {
			isa = PBXNativeTarget;
			buildConfigurationList = 45165ACA190C95600066177B /* Build configuration list for PBXNativeTarget "Aliens - PugiXML - OSX" */;
			buildPhases = (
				45165AC4190C95600066177B /* Sources */,
				45165AC5190C95600066177B /* Frameworks */,
				45165AC6190C95600066177B /* Headers */,
			);
			buildRules = (
			);
			dependencies = (
			);
			name = "Aliens - PugiXML - OSX";
			productName = PugiXML;
			productReference = 45165AC8190C95600066177B /* libPugiXML.a */;
			productType = "com.apple.product-type.library.static";
		};
		45165AD1190C957D0066177B /* Aliens - PugiXML - iOS */ = {
			isa = PBXNativeTarget;
			buildConfigurationList = 45165AD3190C957E0066177B /* Build configuration list for PBXNativeTarget "Aliens - PugiXML - iOS" */;
			buildPhases = (
				45165ACE190C957D0066177B /* Sources */,
				45165ACF190C957D0066177B /* Frameworks */,
				45165AD0190C957D0066177B /* Headers */,
			);
			buildRules = (
			);
			dependencies = (
			);
			name = "Aliens - PugiXML - iOS";
			productName = PugiXML;
			productReference = 45165AD2190C957E0066177B /* libPugiXML.a */;
			productType = "com.apple.product-type.library.static";
		};
/* End PBXNativeTarget section */

/* Begin PBXProject section */
		45165AB2190C93820066177B /* Project object */ = {
			isa = PBXProject;
			attributes = {
				LastUpgradeCheck = 0510;
			};
			buildConfigurationList = 45165AB5190C93820066177B /* Build configuration list for PBXProject "PugiXML" */;
			compatibilityVersion = "Xcode 3.2";
			developmentRegion = English;
			hasScannedForEncodings = 0;
			knownRegions = (
				en,
			);
			mainGroup = 45165AB1190C93820066177B;
			productRefGroup = 45165AC9190C95600066177B /* Products */;
			projectDirPath = "";
			projectRoot = "";
			targets = (
				45165AC7190C95600066177B /* Aliens - PugiXML - OSX */,
				45165AD1190C957D0066177B /* Aliens - PugiXML - iOS */,
			);
		};
/* End PBXProject section */

/* Begin PBXSourcesBuildPhase section */
		45165AC4190C95600066177B /* Sources */ = {
			isa = PBXSourcesBuildPhase;
			buildActionMask = 2147483647;
			files = (
				45165ACD190C95730066177B /* pugixml.cpp in Sources */,
			);
			runOnlyForDeploymentPostprocessing = 0;
		};
		45165ACE190C957D0066177B /* Sources */ = {
			isa = PBXSourcesBuildPhase;
			buildActionMask = 2147483647;
			files = (
				45165AD6190C95880066177B /* pugixml.cpp in Sources */,
			);
			runOnlyForDeploymentPostprocessing = 0;
		};
/* End PBXSourcesBuildPhase section */

/* Begin XCBuildConfiguration section */
		45165AB6190C93820066177B /* Debug */ = {
			isa = XCBuildConfiguration;
			buildSettings = {
				CLANG_CXX_LANGUAGE_STANDARD = "c++0x";
				CLANG_CXX_LIBRARY = "libc++";
				GCC_C_LANGUAGE_STANDARD = c11;
				GCC_OPTIMIZATION_LEVEL = 0;
				GCC_WARN_UNINITIALIZED_AUTOS = YES_AGGRESSIVE;
				PRODUCT_NAME = $PROJECT_NAME;
			};
			name = Debug;
		};
		45165AB7190C93820066177B /* Release */ = {
			isa = XCBuildConfiguration;
			buildSettings = {
				CLANG_CXX_LANGUAGE_STANDARD = "c++0x";
				CLANG_CXX_LIBRARY = "libc++";
				GCC_C_LANGUAGE_STANDARD = c11;
				GCC_WARN_UNINITIALIZED_AUTOS = YES_AGGRESSIVE;
				PRODUCT_NAME = $PROJECT_NAME;
			};
			name = Release;
		};
		45165ACB190C95600066177B /* Debug */ = {
			isa = XCBuildConfiguration;
			buildSettings = {
				ALWAYS_SEARCH_USER_PATHS = NO;
				CLANG_ENABLE_MODULES = YES;
				CLANG_ENABLE_OBJC_ARC = YES;
				CLANG_WARN_BOOL_CONVERSION = YES;
				CLANG_WARN_CONSTANT_CONVERSION = YES;
				CLANG_WARN_DIRECT_OBJC_ISA_USAGE = YES_ERROR;
				CLANG_WARN_EMPTY_BODY = YES;
				CLANG_WARN_ENUM_CONVERSION = YES;
				CLANG_WARN_INT_CONVERSION = YES;
				CLANG_WARN_OBJC_ROOT_CLASS = YES_ERROR;
				CLANG_WARN__DUPLICATE_METHOD_MATCH = YES;
				COPY_PHASE_STRIP = NO;
				EXECUTABLE_PREFIX = lib;
				GCC_DYNAMIC_NO_PIC = NO;
				GCC_ENABLE_OBJC_EXCEPTIONS = YES;
				GCC_PREPROCESSOR_DEFINITIONS = (
					"DEBUG=1",
					"$(inherited)",
				);
				GCC_SYMBOLS_PRIVATE_EXTERN = NO;
				GCC_WARN_64_TO_32_BIT_CONVERSION = YES;
				GCC_WARN_ABOUT_RETURN_TYPE = YES_ERROR;
				GCC_WARN_UNDECLARED_SELECTOR = YES;
				GCC_WARN_UNUSED_FUNCTION = YES;
				GCC_WARN_UNUSED_VARIABLE = YES;
				MACOSX_DEPLOYMENT_TARGET = 10.8;
				ONLY_ACTIVE_ARCH = YES;
				SDKROOT = macosx;
			};
			name = Debug;
		};
		45165ACC190C95600066177B /* Release */ = {
			isa = XCBuildConfiguration;
			buildSettings = {
				ALWAYS_SEARCH_USER_PATHS = NO;
				CLANG_ENABLE_MODULES = YES;
				CLANG_ENABLE_OBJC_ARC = YES;
				CLANG_WARN_BOOL_CONVERSION = YES;
				CLANG_WARN_CONSTANT_CONVERSION = YES;
				CLANG_WARN_DIRECT_OBJC_ISA_USAGE = YES_ERROR;
				CLANG_WARN_EMPTY_BODY = YES;
				CLANG_WARN_ENUM_CONVERSION = YES;
				CLANG_WARN_INT_CONVERSION = YES;
				CLANG_WARN_OBJC_ROOT_CLASS = YES_ERROR;
				CLANG_WARN__DUPLICATE_METHOD_MATCH = YES;
				COPY_PHASE_STRIP = YES;
				DEBUG_INFORMATION_FORMAT = "dwarf-with-dsym";
				ENABLE_NS_ASSERTIONS = NO;
				EXECUTABLE_PREFIX = lib;
				GCC_ENABLE_OBJC_EXCEPTIONS = YES;
				GCC_WARN_64_TO_32_BIT_CONVERSION = YES;
				GCC_WARN_ABOUT_RETURN_TYPE = YES_ERROR;
				GCC_WARN_UNDECLARED_SELECTOR = YES;
				GCC_WARN_UNUSED_FUNCTION = YES;
				GCC_WARN_UNUSED_VARIABLE = YES;
				MACOSX_DEPLOYMENT_TARGET = 10.8;
				SDKROOT = macosx;
			};
			name = Release;
		};
		45165AD4190C957E0066177B /* Debug */ = {
			isa = XCBuildConfiguration;
			buildSettings = {
				ALWAYS_SEARCH_USER_PATHS = NO;
				CLANG_ENABLE_MODULES = YES;
				CLANG_ENABLE_OBJC_ARC = YES;
				CLANG_WARN_BOOL_CONVERSION = YES;
				CLANG_WARN_CONSTANT_CONVERSION = YES;
				CLANG_WARN_DIRECT_OBJC_ISA_USAGE = YES_ERROR;
				CLANG_WARN_EMPTY_BODY = YES;
				CLANG_WARN_ENUM_CONVERSION = YES;
				CLANG_WARN_INT_CONVERSION = YES;
				CLANG_WARN_OBJC_ROOT_CLASS = YES_ERROR;
				CLANG_WARN__DUPLICATE_METHOD_MATCH = YES;
				COPY_PHASE_STRIP = NO;
				EXECUTABLE_PREFIX = lib;
				GCC_DYNAMIC_NO_PIC = NO;
				GCC_ENABLE_OBJC_EXCEPTIONS = YES;
				GCC_PREPROCESSOR_DEFINITIONS = (
					"DEBUG=1",
					"$(inherited)",
				);
				GCC_SYMBOLS_PRIVATE_EXTERN = NO;
				GCC_WARN_64_TO_32_BIT_CONVERSION = YES;
				GCC_WARN_ABOUT_RETURN_TYPE = YES_ERROR;
				GCC_WARN_UNDECLARED_SELECTOR = YES;
				GCC_WARN_UNUSED_FUNCTION = YES;
				GCC_WARN_UNUSED_VARIABLE = YES;
				MACOSX_DEPLOYMENT_TARGET = 10.8;
				ONLY_ACTIVE_ARCH = YES;
				SDKROOT = macosx;
			};
			name = Debug;
		};
		45165AD5190C957E0066177B /* Release */ = {
			isa = XCBuildConfiguration;
			buildSettings = {
				ALWAYS_SEARCH_USER_PATHS = NO;
				CLANG_ENABLE_MODULES = YES;
				CLANG_ENABLE_OBJC_ARC = YES;
				CLANG_WARN_BOOL_CONVERSION = YES;
				CLANG_WARN_CONSTANT_CONVERSION = YES;
				CLANG_WARN_DIRECT_OBJC_ISA_USAGE = YES_ERROR;
				CLANG_WARN_EMPTY_BODY = YES;
				CLANG_WARN_ENUM_CONVERSION = YES;
				CLANG_WARN_INT_CONVERSION = YES;
				CLANG_WARN_OBJC_ROOT_CLASS = YES_ERROR;
				CLANG_WARN__DUPLICATE_METHOD_MATCH = YES;
				COPY_PHASE_STRIP = YES;
				DEBUG_INFORMATION_FORMAT = "dwarf-with-dsym";
				ENABLE_NS_ASSERTIONS = NO;
				EXECUTABLE_PREFIX = lib;
				GCC_ENABLE_OBJC_EXCEPTIONS = YES;
				GCC_WARN_64_TO_32_BIT_CONVERSION = YES;
				GCC_WARN_ABOUT_RETURN_TYPE = YES_ERROR;
				GCC_WARN_UNDECLARED_SELECTOR = YES;
				GCC_WARN_UNUSED_FUNCTION = YES;
				GCC_WARN_UNUSED_VARIABLE = YES;
				MACOSX_DEPLOYMENT_TARGET = 10.8;
				SDKROOT = macosx;
			};
			name = Release;
		};
/* End XCBuildConfiguration section */

/* Begin XCConfigurationList section */
		45165AB5190C93820066177B /* Build configuration list for PBXProject "PugiXML" */ = {
			isa = XCConfigurationList;
			buildConfigurations = (
				45165AB6190C93820066177B /* Debug */,
				45165AB7190C93820066177B /* Release */,
			);
			defaultConfigurationIsVisible = 0;
			defaultConfigurationName = Release;
		};
		45165ACA190C95600066177B /* Build configuration list for PBXNativeTarget "Aliens - PugiXML - OSX" */ = {
			isa = XCConfigurationList;
			buildConfigurations = (
				45165ACB190C95600066177B /* Debug */,
				45165ACC190C95600066177B /* Release */,
			);
			defaultConfigurationIsVisible = 0;
			defaultConfigurationName = Release;
		};
		45165AD3190C957E0066177B /* Build configuration list for PBXNativeTarget "Aliens - PugiXML - iOS" */ = {
			isa = XCConfigurationList;
			buildConfigurations = (
				45165AD4190C957E0066177B /* Debug */,
				45165AD5190C957E0066177B /* Release */,
			);
			defaultConfigurationIsVisible = 0;
			defaultConfigurationName = Release;
		};
/* End XCConfigurationList section */
	};
	rootObject = 45165AB2190C93820066177B /* Project object */;
}
